
Microsoft Visual Studio Solution File, Format Version 12.00
# Visual Studio 15
VisualStudioVersion = 15.0.28010.2036
MinimumVisualStudioVersion = 10.0.40219.1
Project("{FAE04EC0-301F-11D3-BF4B-00C04F79EFBC}") = "CustomerViewModel", "CustomerViewModel\CustomerViewModel.csproj", "{FB0C9C43-6895-4B50-AA73-576A3AEF4396}"
EndProject
Project("{FAE04EC0-301F-11D3-BF4B-00C04F79EFBC}") = "CustomerModel", "CustomerModel\CustomerModel.csproj", "{4ABB7767-609A-4697-B259-A4F71D351B97}"
EndProject
Project("{FAE04EC0-301F-11D3-BF4B-00C04F79EFBC}") = "CustomerView", "CustomerView\CustomerView.csproj", "{E022F9F1-970D-4596-A7C5-251120B2C71B}"
EndProject
Global
	GlobalSection(SolutionConfigurationPlatforms) = preSolution
		Debug|Any CPU = Debug|Any CPU
		Release|Any CPU = Release|Any CPU
	EndGlobalSection
	GlobalSection(ProjectConfigurationPlatforms) = postSolution
		{FB0C9C43-6895-4B50-AA73-576A3AEF4396}.Debug|Any CPU.ActiveCfg = Debug|Any CPU
		{FB0C9C43-6895-4B50-AA73-576A3AEF4396}.Debug|Any CPU.Build.0 = Debug|Any CPU
		{FB0C9C43-6895-4B50-AA73-576A3AEF4396}.Release|Any CPU.ActiveCfg = Release|Any CPU
		{FB0C9C43-6895-4B50-AA73-576A3AEF4396}.Release|Any CPU.Build.0 = Release|Any CPU
		{4ABB7767-609A-4697-B259-A4F71D351B97}.Debug|Any CPU.ActiveCfg = Debug|Any CPU
		{4ABB7767-609A-4697-B259-A4F71D351B97}.Debug|Any CPU.Build.0 = Debug|Any CPU
		{4ABB7767-609A-4697-B259-A4F71D351B97}.Release|Any CPU.ActiveCfg = Release|Any CPU
		{4ABB7767-609A-4697-B259-A4F71D351B97}.Release|Any CPU.Build.0 = Release|Any CPU
		{E022F9F1-970D-4596-A7C5-251120B2C71B}.Debug|Any CPU.ActiveCfg = Debug|Any CPU
		{E022F9F1-970D-4596-A7C5-251120B2C71B}.Debug|Any CPU.Build.0 = Debug|Any CPU
		{E022F9F1-970D-4596-A7C5-251120B2C71B}.Release|Any CPU.ActiveCfg = Release|Any CPU
		{E022F9F1-970D-4596-A7C5-251120B2C71B}.Release|Any CPU.Build.0 = Release|Any CPU
	EndGlobalSection
	GlobalSection(SolutionProperties) = preSolution
		HideSolutionNode = FALSE
	EndGlobalSection
	GlobalSection(ExtensibilityGlobals) = postSolution
		SolutionGuid = {36BC77BE-1C1E-4B20-ABD6-80BF9C6BE9B1}
	EndGlobalSection
EndGlobal
